version = 1
revision = 3
requires-python = ">=3.13"

[manifest]

[manifest.dependency-groups]
dev = [{ name = "types-aiofiles", specifier = ">=25.1.0.20251011" }]

[[package]]
name = "types-aiofiles"
version = "25.1.0.20251011"
source = { registry = "https://pypi.org/simple" }
sdist = { url = "https://files.pythonhosted.org/packages/84/6c/6d23908a8217e36704aa9c79d99a620f2fdd388b66a4b7f72fbc6b6ff6c6/types_aiofiles-25.1.0.20251011.tar.gz", hash = "sha256:1c2b8ab260cb3cd40c15f9d10efdc05a6e1e6b02899304d80dfa0410e028d3ff", size = 14535, upload-time = "2025-10-11T02:44:51.237Z" }
wheels = [
    { url = "https://files.pythonhosted.org/packages/71/0f/76917bab27e270bb6c32addd5968d69e558e5b6f7fb4ac4cbfa282996a96/types_aiofiles-25.1.0.20251011-py3-none-any.whl", hash = "sha256:8ff8de7f9d42739d8f0dadcceeb781ce27cd8d8c4152d4a7c52f6b20edb8149c", size = 14338, upload-time = "2025-10-11T02:44:50.054Z" },
]
